
Microsoft Visual Studio Solution File, Format Version 12.00
# Visual Studio 15
VisualStudioVersion = 15.0.27130.2036
MinimumVisualStudioVersion = 10.0.40219.1
Project("{FAE04EC0-301F-11D3-BF4B-00C04F79EFBC}") = "TVVC", "TVVC\TVVC.csproj", "{0F49B2B9-3F1B-44B5-AD8C-E85304CFEE57}"
EndProject
Global
	GlobalSection(SolutionConfigurationPlatforms) = preSolution
		Debug|Any CPU = Debug|Any CPU
		Release|Any CPU = Release|Any CPU
	EndGlobalSection
	GlobalSection(ProjectConfigurationPlatforms) = postSolution
		{0F49B2B9-3F1B-44B5-AD8C-E85304CFEE57}.Debug|Any CPU.ActiveCfg = Debug|Any CPU
		{0F49B2B9-3F1B-44B5-AD8C-E85304CFEE57}.Debug|Any CPU.Build.0 = Debug|Any CPU
		{0F49B2B9-3F1B-44B5-AD8C-E85304CFEE57}.Release|Any CPU.ActiveCfg = Release|Any CPU
		{0F49B2B9-3F1B-44B5-AD8C-E85304CFEE57}.Release|Any CPU.Build.0 = Release|Any CPU
	EndGlobalSection
	GlobalSection(SolutionProperties) = preSolution
		HideSolutionNode = FALSE
	EndGlobalSection
	GlobalSection(ExtensibilityGlobals) = postSolution
		SolutionGuid = {6B607F69-F42E-4094-9790-A161527DAC93}
	EndGlobalSection
EndGlobal
